
Microsoft Visual Studio Solution File, Format Version 12.00
# Visual Studio Version 17
VisualStudioVersion = 17.4.33213.308
MinimumVisualStudioVersion = 10.0.40219.1
Project("{FAE04EC0-301F-11D3-BF4B-00C04F79EFBC}") = "ChainResponsibilityPattern", "ChainResponsibilityPattern.csproj", "{2F7E9101-7599-4A58-9551-DC4D9B0C8DAB}"
EndProject
Global
	GlobalSection(SolutionConfigurationPlatforms) = preSolution
		Debug|Any CPU = Debug|Any CPU
		Release|Any CPU = Release|Any CPU
	EndGlobalSection
	GlobalSection(ProjectConfigurationPlatforms) = postSolution
		{2F7E9101-7599-4A58-9551-DC4D9B0C8DAB}.Debug|Any CPU.ActiveCfg = Debug|Any CPU
		{2F7E9101-7599-4A58-9551-DC4D9B0C8DAB}.Debug|Any CPU.Build.0 = Debug|Any CPU
		{2F7E9101-7599-4A58-9551-DC4D9B0C8DAB}.Release|Any CPU.ActiveCfg = Release|Any CPU
		{2F7E9101-7599-4A58-9551-DC4D9B0C8DAB}.Release|Any CPU.Build.0 = Release|Any CPU
	EndGlobalSection
	GlobalSection(SolutionProperties) = preSolution
		HideSolutionNode = FALSE
	EndGlobalSection
	GlobalSection(ExtensibilityGlobals) = postSolution
		SolutionGuid = {312702B4-CCA4-4CFB-BA11-08C52E9CB59B}
	EndGlobalSection
EndGlobal
